<Solution>
  <Project Path="11-09-2026/SayisalLoto.csproj" Id="a82cc393-89f1-4f45-b672-e0b5d29783bf" />
  <Project Path="ConsoleApp1/ConsoleApp1.csproj" Id="f9795fe9-3ca8-4f42-83e3-f336de5fb182" />
  <Project Path="EmployeeSystem/EmployeeSystem.csproj" Id="9206d409-43ad-4beb-b453-bdcfe02f25eb" />
  <Project Path="horse-racing/horse-racing.csproj" Id="26808b48-125e-47ce-8b1d-91a4a76ef500" />
  <Project Path="OOP-Inheritance/OOP-Inheritance.csproj" Id="aecafecf-32bf-4b88-a9d6-109d870f1e98" />
  <Project Path="OOP-İnheritance2/OOP-Inheritance2.csproj" Id="f5efab93-5380-4295-a88a-bfd855256cd3" />
</Solution>
